
Microsoft Visual Studio Solution File, Format Version 12.00
# Visual Studio Version 17
VisualStudioVersion = 17.4.33213.308
MinimumVisualStudioVersion = 10.0.40219.1
Project("{FAE04EC0-301F-11D3-BF4B-00C04F79EFBC}") = "WorkHive.Api", "WorkHive.Api\WorkHive.Api.csproj", "{D7C9A0CF-32F4-4B89-9D33-EEFDEE3BE476}"
EndProject
Project("{FAE04EC0-301F-11D3-BF4B-00C04F79EFBC}") = "WorkHive.Data", "WorkHive.Data\WorkHive.Data.csproj", "{7851B847-B1C0-4B6A-B474-BBCBE9CC2A76}"
EndProject
Project("{FAE04EC0-301F-11D3-BF4B-00C04F79EFBC}") = "WorkHive.Common", "WorkHive.Common\WorkHive.Common.csproj", "{56099C30-9D9D-4A20-A909-EAC43885E61F}"
EndProject
Global
	GlobalSection(SolutionConfigurationPlatforms) = preSolution
		Debug|Any CPU = Debug|Any CPU
		Release|Any CPU = Release|Any CPU
	EndGlobalSection
	GlobalSection(ProjectConfigurationPlatforms) = postSolution
		{D7C9A0CF-32F4-4B89-9D33-EEFDEE3BE476}.Debug|Any CPU.ActiveCfg = Debug|Any CPU
		{D7C9A0CF-32F4-4B89-9D33-EEFDEE3BE476}.Debug|Any CPU.Build.0 = Debug|Any CPU
		{D7C9A0CF-32F4-4B89-9D33-EEFDEE3BE476}.Release|Any CPU.ActiveCfg = Release|Any CPU
		{D7C9A0CF-32F4-4B89-9D33-EEFDEE3BE476}.Release|Any CPU.Build.0 = Release|Any CPU
		{7851B847-B1C0-4B6A-B474-BBCBE9CC2A76}.Debug|Any CPU.ActiveCfg = Debug|Any CPU
		{7851B847-B1C0-4B6A-B474-BBCBE9CC2A76}.Debug|Any CPU.Build.0 = Debug|Any CPU
		{7851B847-B1C0-4B6A-B474-BBCBE9CC2A76}.Release|Any CPU.ActiveCfg = Release|Any CPU
		{7851B847-B1C0-4B6A-B474-BBCBE9CC2A76}.Release|Any CPU.Build.0 = Release|Any CPU
		{56099C30-9D9D-4A20-A909-EAC43885E61F}.Debug|Any CPU.ActiveCfg = Debug|Any CPU
		{56099C30-9D9D-4A20-A909-EAC43885E61F}.Debug|Any CPU.Build.0 = Debug|Any CPU
		{56099C30-9D9D-4A20-A909-EAC43885E61F}.Release|Any CPU.ActiveCfg = Release|Any CPU
		{56099C30-9D9D-4A20-A909-EAC43885E61F}.Release|Any CPU.Build.0 = Release|Any CPU
	EndGlobalSection
	GlobalSection(SolutionProperties) = preSolution
		HideSolutionNode = FALSE
	EndGlobalSection
	GlobalSection(ExtensibilityGlobals) = postSolution
		SolutionGuid = {2A3EA7B3-97BE-4534-BBE9-3E320FD7F029}
	EndGlobalSection
EndGlobal
