
Microsoft Visual Studio Solution File, Format Version 12.00
# Visual Studio Version 17
VisualStudioVersion = 17.4.33205.214
MinimumVisualStudioVersion = 10.0.40219.1
Project("{FAE04EC0-301F-11D3-BF4B-00C04F79EFBC}") = "WorkHive.DatabaseUpdater", "WorkHive.DatabaseUpdater.csproj", "{0DB812BE-857D-4086-8DE5-220B84F176C8}"
EndProject
Global
	GlobalSection(SolutionConfigurationPlatforms) = preSolution
		Debug|Any CPU = Debug|Any CPU
		Release|Any CPU = Release|Any CPU
	EndGlobalSection
	GlobalSection(ProjectConfigurationPlatforms) = postSolution
		{0DB812BE-857D-4086-8DE5-220B84F176C8}.Debug|Any CPU.ActiveCfg = Debug|Any CPU
		{0DB812BE-857D-4086-8DE5-220B84F176C8}.Debug|Any CPU.Build.0 = Debug|Any CPU
		{0DB812BE-857D-4086-8DE5-220B84F176C8}.Release|Any CPU.ActiveCfg = Release|Any CPU
		{0DB812BE-857D-4086-8DE5-220B84F176C8}.Release|Any CPU.Build.0 = Release|Any CPU
	EndGlobalSection
	GlobalSection(SolutionProperties) = preSolution
		HideSolutionNode = FALSE
	EndGlobalSection
	GlobalSection(ExtensibilityGlobals) = postSolution
		SolutionGuid = {51CD1BBA-CBD9-490A-9F3C-F64F65907482}
	EndGlobalSection
EndGlobal
